{
  "name": "learn-node",
  "version": "1.0.0",
  "lockfileVersion": 1,
  "requires": true,
  "dependencies": {
    "argv": {
      "version": "0.0.1",
      "resolved": "https://registry.npm.taobao.org/argv/download/argv-0.0.1.tgz",
      "integrity": "sha1-CYO+J516l9nB6CXJU8iT8NEFql4="
    }
  }
}
